
Microsoft Visual Studio Solution File, Format Version 12.00
# Visual Studio Version 17
VisualStudioVersion = 17.1.32407.343
MinimumVisualStudioVersion = 10.0.40219.1
Project("{9A19103F-16F7-4668-BE54-9A1E7A4F7556}") = "OrganizerWpf", "OrganizerWpf.csproj", "{DAC0B17C-E847-459F-A4E9-87C63E0409A2}"
EndProject
Global
	GlobalSection(SolutionConfigurationPlatforms) = preSolution
		Debug|Any CPU = Debug|Any CPU
		Release|Any CPU = Release|Any CPU
	EndGlobalSection
	GlobalSection(ProjectConfigurationPlatforms) = postSolution
		{DAC0B17C-E847-459F-A4E9-87C63E0409A2}.Debug|Any CPU.ActiveCfg = Debug|Any CPU
		{DAC0B17C-E847-459F-A4E9-87C63E0409A2}.Debug|Any CPU.Build.0 = Debug|Any CPU
		{DAC0B17C-E847-459F-A4E9-87C63E0409A2}.Release|Any CPU.ActiveCfg = Release|Any CPU
		{DAC0B17C-E847-459F-A4E9-87C63E0409A2}.Release|Any CPU.Build.0 = Release|Any CPU
	EndGlobalSection
	GlobalSection(SolutionProperties) = preSolution
		HideSolutionNode = FALSE
	EndGlobalSection
	GlobalSection(ExtensibilityGlobals) = postSolution
		SolutionGuid = {47FBCA18-5EB2-4617-8BC5-E7D9ED26529B}
	EndGlobalSection
EndGlobal
